
Microsoft Visual Studio Solution File, Format Version 12.00
# Visual Studio Version 17
VisualStudioVersion = 17.0.32014.148
MinimumVisualStudioVersion = 10.0.40219.1
Project("{8BC9CEB8-8B4A-11D0-8D11-00A0C91BC942}") = "3SumCloset", "3SumCloset\3SumCloset.vcxproj", "{04DE804E-838E-4E87-B048-5672BE458CE8}"
EndProject
Global
	GlobalSection(SolutionConfigurationPlatforms) = preSolution
		Debug|x64 = Debug|x64
		Debug|x86 = Debug|x86
		Release|x64 = Release|x64
		Release|x86 = Release|x86
	EndGlobalSection
	GlobalSection(ProjectConfigurationPlatforms) = postSolution
		{04DE804E-838E-4E87-B048-5672BE458CE8}.Debug|x64.ActiveCfg = Debug|x64
		{04DE804E-838E-4E87-B048-5672BE458CE8}.Debug|x64.Build.0 = Debug|x64
		{04DE804E-838E-4E87-B048-5672BE458CE8}.Debug|x86.ActiveCfg = Debug|Win32
		{04DE804E-838E-4E87-B048-5672BE458CE8}.Debug|x86.Build.0 = Debug|Win32
		{04DE804E-838E-4E87-B048-5672BE458CE8}.Release|x64.ActiveCfg = Release|x64
		{04DE804E-838E-4E87-B048-5672BE458CE8}.Release|x64.Build.0 = Release|x64
		{04DE804E-838E-4E87-B048-5672BE458CE8}.Release|x86.ActiveCfg = Release|Win32
		{04DE804E-838E-4E87-B048-5672BE458CE8}.Release|x86.Build.0 = Release|Win32
	EndGlobalSection
	GlobalSection(SolutionProperties) = preSolution
		HideSolutionNode = FALSE
	EndGlobalSection
	GlobalSection(ExtensibilityGlobals) = postSolution
		SolutionGuid = {CD08F025-ECE3-4ADB-B577-A730E0127721}
	EndGlobalSection
EndGlobal
